
Microsoft Visual Studio Solution File, Format Version 12.00
# Visual Studio Version 17
VisualStudioVersion = 17.6.33829.357
MinimumVisualStudioVersion = 10.0.40219.1
Project("{9A19103F-16F7-4668-BE54-9A1E7A4F7556}") = "API", "API\API.csproj", "{F86823CF-E569-4178-B6C7-640825444485}"
EndProject
Project("{9A19103F-16F7-4668-BE54-9A1E7A4F7556}") = "Engine", "Engine\Engine.csproj", "{23845041-13DF-4682-9C1A-A6632CE51FAB}"
EndProject
Project("{9A19103F-16F7-4668-BE54-9A1E7A4F7556}") = "Services", "Services\Services.csproj", "{7328406A-6947-4D2C-8533-F50AE1C61A4F}"
EndProject
Project("{FAE04EC0-301F-11D3-BF4B-00C04F79EFBC}") = "Shared", "Shared\Shared.csproj", "{DB4F1B0D-93D7-45E7-8310-70F0DA080FD0}"
EndProject
Global
	GlobalSection(SolutionConfigurationPlatforms) = preSolution
		Debug|Any CPU = Debug|Any CPU
		Release|Any CPU = Release|Any CPU
	EndGlobalSection
	GlobalSection(ProjectConfigurationPlatforms) = postSolution
		{F86823CF-E569-4178-B6C7-640825444485}.Debug|Any CPU.ActiveCfg = Debug|Any CPU
		{F86823CF-E569-4178-B6C7-640825444485}.Debug|Any CPU.Build.0 = Debug|Any CPU
		{F86823CF-E569-4178-B6C7-640825444485}.Release|Any CPU.ActiveCfg = Release|Any CPU
		{F86823CF-E569-4178-B6C7-640825444485}.Release|Any CPU.Build.0 = Release|Any CPU
		{23845041-13DF-4682-9C1A-A6632CE51FAB}.Debug|Any CPU.ActiveCfg = Debug|Any CPU
		{23845041-13DF-4682-9C1A-A6632CE51FAB}.Debug|Any CPU.Build.0 = Debug|Any CPU
		{23845041-13DF-4682-9C1A-A6632CE51FAB}.Release|Any CPU.ActiveCfg = Release|Any CPU
		{23845041-13DF-4682-9C1A-A6632CE51FAB}.Release|Any CPU.Build.0 = Release|Any CPU
		{7328406A-6947-4D2C-8533-F50AE1C61A4F}.Debug|Any CPU.ActiveCfg = Debug|Any CPU
		{7328406A-6947-4D2C-8533-F50AE1C61A4F}.Debug|Any CPU.Build.0 = Debug|Any CPU
		{7328406A-6947-4D2C-8533-F50AE1C61A4F}.Release|Any CPU.ActiveCfg = Release|Any CPU
		{7328406A-6947-4D2C-8533-F50AE1C61A4F}.Release|Any CPU.Build.0 = Release|Any CPU
		{DB4F1B0D-93D7-45E7-8310-70F0DA080FD0}.Debug|Any CPU.ActiveCfg = Debug|Any CPU
		{DB4F1B0D-93D7-45E7-8310-70F0DA080FD0}.Debug|Any CPU.Build.0 = Debug|Any CPU
		{DB4F1B0D-93D7-45E7-8310-70F0DA080FD0}.Release|Any CPU.ActiveCfg = Release|Any CPU
		{DB4F1B0D-93D7-45E7-8310-70F0DA080FD0}.Release|Any CPU.Build.0 = Release|Any CPU
	EndGlobalSection
	GlobalSection(SolutionProperties) = preSolution
		HideSolutionNode = FALSE
	EndGlobalSection
	GlobalSection(ExtensibilityGlobals) = postSolution
		SolutionGuid = {929B119D-EEF8-4E97-A4EC-299FD243E450}
	EndGlobalSection
EndGlobal
